{
  "nodes": {
    "flake-utils": {
      "inputs": {
        "systems": "systems"
      },
      "locked": {
        "lastModified": 1710146030,
        "narHash": "sha256-SZ5L6eA7HJ/nmkzGG7/ISclqe6oZdOZTNoesiInkXPQ=",
        "owner": "numtide",
        "repo": "flake-utils",
        "rev": "b1d9ab70662946ef0850d488da1c9019f3a9752a",
        "type": "github"
      },
      "original": {
        "owner": "numtide",
        "repo": "flake-utils",
        "type": "github"
      }
    },
    "nixpkgs": {
      "locked": {
        "lastModified": 1725910328,
        "narHash": "sha256-n9pCtzGZ0httmTwMuEbi5E78UQ4ZbQMr1pzi5N0LAG8=",
        "owner": "NixOS",
        "repo": "nixpkgs",
        "rev": "5775c2583f1801df7b790bf7f7d710a19bac66f4",
        "type": "github"
      },
      "original": {
        "owner": "NixOS",
        "ref": "nixpkgs-unstable",
        "repo": "nixpkgs",
        "type": "github"
      }
    },
    "ppad-base16": {
      "inputs": {
        "flake-utils": [
          "ppad-base16",
          "ppad-nixpkgs",
          "flake-utils"
        ],
        "nixpkgs": [
          "ppad-base16",
          "ppad-nixpkgs",
          "nixpkgs"
        ],
        "ppad-nixpkgs": [
          "ppad-nixpkgs"
        ]
      },
      "locked": {
        "lastModified": 1738729959,
        "narHash": "sha256-uGGuPrTzbOm2/7QOsAhU1gcOXrugRwvK67Plkx5hxCY=",
        "ref": "master",
        "rev": "ab4ab2f8032be264b40a38d1d2383e72d8c18f6c",
        "revCount": 12,
        "type": "git",
        "url": "git://git.ppad.tech/base16.git"
      },
      "original": {
        "ref": "master",
        "type": "git",
        "url": "git://git.ppad.tech/base16.git"
      }
    },
    "ppad-base58": {
      "inputs": {
        "flake-utils": [
          "ppad-base58",
          "ppad-nixpkgs",
          "flake-utils"
        ],
        "nixpkgs": [
          "ppad-base58",
          "ppad-nixpkgs",
          "nixpkgs"
        ],
        "ppad-nixpkgs": [
          "ppad-nixpkgs"
        ],
        "ppad-sha256": [
          "ppad-sha256"
        ]
      },
      "locked": {
        "lastModified": 1737309006,
        "narHash": "sha256-jsuU1yIxY2HbvIa2XTe7uDYX5CU4EX3jzEjpHfXS8uM=",
        "ref": "master",
        "rev": "44cefe2b0a216388e2a2add8ec5538d2cee2ead5",
        "revCount": 17,
        "type": "git",
        "url": "git://git.ppad.tech/base58.git"
      },
      "original": {
        "ref": "master",
        "type": "git",
        "url": "git://git.ppad.tech/base58.git"
      }
    },
    "ppad-bech32": {
      "inputs": {
        "flake-utils": [
          "ppad-bech32",
          "ppad-nixpkgs",
          "flake-utils"
        ],
        "nixpkgs": [
          "ppad-bech32",
          "ppad-nixpkgs",
          "nixpkgs"
        ],
        "ppad-nixpkgs": [
          "ppad-nixpkgs"
        ]
      },
      "locked": {
        "lastModified": 1737297664,
        "narHash": "sha256-a0ROjO8uYXNsgQ8Au7dpt0ayBRlGiy79+fu0cfKKf+c=",
        "ref": "master",
        "rev": "74625bc7a380fe5900241b08766405318842d1d6",
        "revCount": 60,
        "type": "git",
        "url": "git://git.ppad.tech/bech32.git"
      },
      "original": {
        "ref": "master",
        "type": "git",
        "url": "git://git.ppad.tech/bech32.git"
      }
    },
    "ppad-csecp256k1": {
      "inputs": {
        "flake-utils": [
          "ppad-csecp256k1",
          "ppad-nixpkgs",
          "flake-utils"
        ],
        "nixpkgs": [
          "ppad-csecp256k1",
          "ppad-nixpkgs",
          "nixpkgs"
        ],
        "ppad-nixpkgs": [
          "ppad-nixpkgs"
        ],
        "ppad-sha256": [
          "ppad-sha256"
        ]
      },
      "locked": {
        "lastModified": 1737309452,
        "narHash": "sha256-GAkJA3W7iMCCoOEB/AKcc4tvYxuCd3fZxNrOK2G2qRY=",
        "ref": "master",
        "rev": "b9dd971ac05b77dda7ea2159cb164e409fc5e260",
        "revCount": 84,
        "type": "git",
        "url": "git://git.ppad.tech/csecp256k1.git"
      },
      "original": {
        "ref": "master",
        "type": "git",
        "url": "git://git.ppad.tech/csecp256k1.git"
      }
    },
    "ppad-hkdf": {
      "inputs": {
        "flake-utils": [
          "ppad-hkdf",
          "ppad-nixpkgs",
          "flake-utils"
        ],
        "nixpkgs": [
          "ppad-hkdf",
          "ppad-nixpkgs",
          "nixpkgs"
        ],
        "ppad-nixpkgs": [
          "ppad-nixpkgs"
        ],
        "ppad-sha256": [
          "ppad-sha256"
        ],
        "ppad-sha512": [
          "ppad-sha512"
        ]
      },
      "locked": {
        "lastModified": 1737309437,
        "narHash": "sha256-5Bjo31U3mnI/5DqUd178J4zonyoxldUyLUZNOWDQaQc=",
        "ref": "master",
        "rev": "d588ef428c86862e0a49c0b46af6ee5172e59351",
        "revCount": 15,
        "type": "git",
        "url": "git://git.ppad.tech/hkdf.git"
      },
      "original": {
        "ref": "master",
        "type": "git",
        "url": "git://git.ppad.tech/hkdf.git"
      }
    },
    "ppad-hmac-drbg": {
      "inputs": {
        "flake-utils": [
          "ppad-hmac-drbg",
          "ppad-nixpkgs",
          "flake-utils"
        ],
        "nixpkgs": [
          "ppad-hmac-drbg",
          "ppad-nixpkgs",
          "nixpkgs"
        ],
        "ppad-nixpkgs": [
          "ppad-nixpkgs"
        ],
        "ppad-sha256": [
          "ppad-sha256"
        ],
        "ppad-sha512": [
          "ppad-sha512"
        ]
      },
      "locked": {
        "lastModified": 1738850715,
        "narHash": "sha256-A2Zlxx9IE3rgrvrBQDQ8I45U4eT5BJVcnTnwnsEfYYU=",
        "ref": "master",
        "rev": "8eddc6360be911b42bc538a7dd4cb49f7722c47f",
        "revCount": 47,
        "type": "git",
        "url": "git://git.ppad.tech/hmac-drbg.git"
      },
      "original": {
        "ref": "master",
        "type": "git",
        "url": "git://git.ppad.tech/hmac-drbg.git"
      }
    },
    "ppad-nixpkgs": {
      "inputs": {
        "flake-utils": "flake-utils",
        "nixpkgs": "nixpkgs"
      },
      "locked": {
        "lastModified": 1737297101,
        "narHash": "sha256-EnXnq+JLflbWt+DvaGGnY2gfAqsGNOm5vPgHh3hkfwQ=",
        "ref": "master",
        "rev": "f29823875250bc99b3891f7373535ccde9a29a44",
        "revCount": 1,
        "type": "git",
        "url": "git://git.ppad.tech/nixpkgs.git"
      },
      "original": {
        "ref": "master",
        "type": "git",
        "url": "git://git.ppad.tech/nixpkgs.git"
      }
    },
    "ppad-ripemd160": {
      "inputs": {
        "flake-utils": [
          "ppad-ripemd160",
          "ppad-nixpkgs",
          "flake-utils"
        ],
        "nixpkgs": [
          "ppad-ripemd160",
          "ppad-nixpkgs",
          "nixpkgs"
        ],
        "ppad-nixpkgs": [
          "ppad-nixpkgs"
        ]
      },
      "locked": {
        "lastModified": 1738846817,
        "narHash": "sha256-mjefp2TM88Psw8moP0ioHHaYOrG0n8jEN1d5hjvTE6k=",
        "ref": "master",
        "rev": "d46ac86d87779e651b7a1d2f36ca03beaa08574d",
        "revCount": 22,
        "type": "git",
        "url": "git://git.ppad.tech/ripemd160.git"
      },
      "original": {
        "ref": "master",
        "type": "git",
        "url": "git://git.ppad.tech/ripemd160.git"
      }
    },
    "ppad-script": {
      "inputs": {
        "flake-utils": [
          "ppad-script",
          "ppad-nixpkgs",
          "flake-utils"
        ],
        "nixpkgs": [
          "ppad-script",
          "ppad-nixpkgs",
          "nixpkgs"
        ],
        "ppad-base16": [
          "ppad-base16"
        ],
        "ppad-nixpkgs": [
          "ppad-nixpkgs"
        ]
      },
      "locked": {
        "lastModified": 1738337890,
        "narHash": "sha256-3PMsY3v+WylCrUgwHRwMhN1YdWZpiBhgXaubt05FRJg=",
        "ref": "master",
        "rev": "cd3312f8f5e441e196436895a4e0aa7cbd09ab7a",
        "revCount": 63,
        "type": "git",
        "url": "git://git.ppad.tech/script.git"
      },
      "original": {
        "ref": "master",
        "type": "git",
        "url": "git://git.ppad.tech/script.git"
      }
    },
    "ppad-secp256k1": {
      "inputs": {
        "flake-utils": [
          "ppad-secp256k1",
          "ppad-nixpkgs",
          "flake-utils"
        ],
        "nixpkgs": [
          "ppad-secp256k1",
          "ppad-nixpkgs",
          "nixpkgs"
        ],
        "ppad-hmac-drbg": [
          "ppad-hmac-drbg"
        ],
        "ppad-nixpkgs": [
          "ppad-nixpkgs"
        ],
        "ppad-sha256": [
          "ppad-sha256"
        ],
        "ppad-sha512": [
          "ppad-sha512"
        ]
      },
      "locked": {
        "lastModified": 1737570265,
        "narHash": "sha256-yQD42hLD2H56Xv9AJxtClDZmjVkuMC1nEbsb4vJYeCc=",
        "ref": "master",
        "rev": "2d95f50b098af1b5ca1fa321eed86b0e7c7780b5",
        "revCount": 136,
        "type": "git",
        "url": "git://git.ppad.tech/secp256k1.git"
      },
      "original": {
        "ref": "master",
        "type": "git",
        "url": "git://git.ppad.tech/secp256k1.git"
      }
    },
    "ppad-sha256": {
      "inputs": {
        "flake-utils": [
          "ppad-sha256",
          "ppad-nixpkgs",
          "flake-utils"
        ],
        "nixpkgs": [
          "ppad-sha256",
          "ppad-nixpkgs",
          "nixpkgs"
        ],
        "ppad-nixpkgs": [
          "ppad-nixpkgs"
        ]
      },
      "locked": {
        "lastModified": 1738753695,
        "narHash": "sha256-jh7IpAUY3ykUQlIOjoN9oHhTRPIXfaub4W/pudOZ3/Y=",
        "ref": "master",
        "rev": "e072b044fbcaad9f72900e4fdd2dd82a15b92a0e",
        "revCount": 91,
        "type": "git",
        "url": "git://git.ppad.tech/sha256.git"
      },
      "original": {
        "ref": "master",
        "type": "git",
        "url": "git://git.ppad.tech/sha256.git"
      }
    },
    "ppad-sha512": {
      "inputs": {
        "flake-utils": [
          "ppad-sha512",
          "ppad-nixpkgs",
          "flake-utils"
        ],
        "nixpkgs": [
          "ppad-sha512",
          "ppad-nixpkgs",
          "nixpkgs"
        ],
        "ppad-nixpkgs": [
          "ppad-nixpkgs"
        ]
      },
      "locked": {
        "lastModified": 1738754198,
        "narHash": "sha256-6XuhiWKKAfplrLM7kKBrmkbaJ7hKzqpzV6fnHKqO2xA=",
        "ref": "master",
        "rev": "2b2fb3318127985b8eb8f361d6d8cbb86f08b2ed",
        "revCount": 25,
        "type": "git",
        "url": "git://git.ppad.tech/sha512.git"
      },
      "original": {
        "ref": "master",
        "type": "git",
        "url": "git://git.ppad.tech/sha512.git"
      }
    },
    "root": {
      "inputs": {
        "flake-utils": [
          "ppad-nixpkgs",
          "flake-utils"
        ],
        "nixpkgs": [
          "ppad-nixpkgs",
          "nixpkgs"
        ],
        "ppad-base16": "ppad-base16",
        "ppad-base58": "ppad-base58",
        "ppad-bech32": "ppad-bech32",
        "ppad-csecp256k1": "ppad-csecp256k1",
        "ppad-hkdf": "ppad-hkdf",
        "ppad-hmac-drbg": "ppad-hmac-drbg",
        "ppad-nixpkgs": "ppad-nixpkgs",
        "ppad-ripemd160": "ppad-ripemd160",
        "ppad-script": "ppad-script",
        "ppad-secp256k1": "ppad-secp256k1",
        "ppad-sha256": "ppad-sha256",
        "ppad-sha512": "ppad-sha512"
      }
    },
    "systems": {
      "locked": {
        "lastModified": 1681028828,
        "narHash": "sha256-Vy1rq5AaRuLzOxct8nz4T6wlgyUR7zLU309k9mBC768=",
        "owner": "nix-systems",
        "repo": "default",
        "rev": "da67096a3b9bf56a91d16901293e51ba5b49a27e",
        "type": "github"
      },
      "original": {
        "owner": "nix-systems",
        "repo": "default",
        "type": "github"
      }
    }
  },
  "root": "root",
  "version": 7
}
