{
  "nodes": {
    "flake-utils": {
      "inputs": {
        "systems": "systems"
      },
      "locked": {
        "lastModified": 1731533236,
        "narHash": "sha256-l0KFg5HjrsfsO/JpG+r7fRrqm12kzFHyUHqHCVpMMbI=",
        "owner": "numtide",
        "repo": "flake-utils",
        "rev": "11707dc2f618dd54ca8739b309ec4fc024de578b",
        "type": "github"
      },
      "original": {
        "owner": "numtide",
        "repo": "flake-utils",
        "type": "github"
      }
    },
    "nixpkgs": {
      "locked": {
        "lastModified": 1766840161,
        "narHash": "sha256-Ss/LHpJJsng8vz1Pe33RSGIWUOcqM1fjrehjUkdrWio=",
        "owner": "NixOS",
        "repo": "nixpkgs",
        "rev": "3edc4a30ed3903fdf6f90c837f961fa6b49582d1",
        "type": "github"
      },
      "original": {
        "owner": "NixOS",
        "ref": "nixpkgs-unstable",
        "repo": "nixpkgs",
        "type": "github"
      }
    },
    "ppad-aead": {
      "inputs": {
        "flake-utils": [
          "ppad-aead",
          "ppad-nixpkgs",
          "flake-utils"
        ],
        "nixpkgs": [
          "ppad-aead",
          "ppad-nixpkgs",
          "nixpkgs"
        ],
        "ppad-base16": [
          "ppad-base16"
        ],
        "ppad-chacha": [
          "ppad-chacha"
        ],
        "ppad-nixpkgs": [
          "ppad-nixpkgs"
        ],
        "ppad-poly1305": [
          "ppad-poly1305"
        ]
      },
      "locked": {
        "lastModified": 1778957521,
        "narHash": "sha256-Iw7NxUQB35RJhVuAEFxOLeYEUckRo1aeukSSX6UPJME=",
        "ref": "master",
        "rev": "d1245f96efb62088904e5a5134fc586ddd149ff9",
        "revCount": 28,
        "type": "git",
        "url": "git://git.ppad.tech/aead.git"
      },
      "original": {
        "ref": "master",
        "type": "git",
        "url": "git://git.ppad.tech/aead.git"
      }
    },
    "ppad-base16": {
      "inputs": {
        "flake-utils": [
          "ppad-base16",
          "ppad-nixpkgs",
          "flake-utils"
        ],
        "nixpkgs": [
          "ppad-base16",
          "ppad-nixpkgs",
          "nixpkgs"
        ],
        "ppad-nixpkgs": [
          "ppad-nixpkgs"
        ]
      },
      "locked": {
        "lastModified": 1778943993,
        "narHash": "sha256-8eZyChH7WDgMTj804Ht4VFvS+WER9pPtlwYZgWlO60Q=",
        "ref": "master",
        "rev": "480f24d852e100bb87cd69f2eda531bdb1306495",
        "revCount": 37,
        "type": "git",
        "url": "git://git.ppad.tech/base16.git"
      },
      "original": {
        "ref": "master",
        "type": "git",
        "url": "git://git.ppad.tech/base16.git"
      }
    },
    "ppad-base16_2": {
      "inputs": {
        "flake-utils": [
          "ppad-bolt2",
          "ppad-tx",
          "ppad-base16",
          "ppad-nixpkgs",
          "flake-utils"
        ],
        "nixpkgs": [
          "ppad-bolt2",
          "ppad-tx",
          "ppad-base16",
          "ppad-nixpkgs",
          "nixpkgs"
        ],
        "ppad-nixpkgs": [
          "ppad-bolt2",
          "ppad-tx",
          "ppad-nixpkgs"
        ]
      },
      "locked": {
        "lastModified": 1778943993,
        "narHash": "sha256-8eZyChH7WDgMTj804Ht4VFvS+WER9pPtlwYZgWlO60Q=",
        "ref": "master",
        "rev": "480f24d852e100bb87cd69f2eda531bdb1306495",
        "revCount": 37,
        "type": "git",
        "url": "git://git.ppad.tech/base16.git"
      },
      "original": {
        "ref": "master",
        "type": "git",
        "url": "git://git.ppad.tech/base16.git"
      }
    },
    "ppad-base16_3": {
      "inputs": {
        "flake-utils": [
          "ppad-bolt2",
          "ppad-tx",
          "ppad-sha256",
          "ppad-base16",
          "ppad-nixpkgs",
          "flake-utils"
        ],
        "nixpkgs": [
          "ppad-bolt2",
          "ppad-tx",
          "ppad-sha256",
          "ppad-base16",
          "ppad-nixpkgs",
          "nixpkgs"
        ],
        "ppad-nixpkgs": [
          "ppad-bolt2",
          "ppad-tx",
          "ppad-sha256",
          "ppad-nixpkgs"
        ]
      },
      "locked": {
        "lastModified": 1766934151,
        "narHash": "sha256-BUFpuLfrGXE2xi3Wa9TYCEhhRhFp175Ghxnr0JRbG2I=",
        "ref": "master",
        "rev": "58dfb7922401a60d5de76825fcd5f6ecbcd7afe0",
        "revCount": 26,
        "type": "git",
        "url": "git://git.ppad.tech/base16.git"
      },
      "original": {
        "ref": "master",
        "type": "git",
        "url": "git://git.ppad.tech/base16.git"
      }
    },
    "ppad-base16_4": {
      "inputs": {
        "flake-utils": [
          "ppad-bolt3",
          "ppad-bolt1",
          "ppad-base16",
          "ppad-nixpkgs",
          "flake-utils"
        ],
        "nixpkgs": [
          "ppad-bolt3",
          "ppad-bolt1",
          "ppad-base16",
          "ppad-nixpkgs",
          "nixpkgs"
        ],
        "ppad-nixpkgs": [
          "ppad-bolt3",
          "ppad-bolt1",
          "ppad-nixpkgs"
        ]
      },
      "locked": {
        "lastModified": 1766934151,
        "narHash": "sha256-BUFpuLfrGXE2xi3Wa9TYCEhhRhFp175Ghxnr0JRbG2I=",
        "ref": "master",
        "rev": "58dfb7922401a60d5de76825fcd5f6ecbcd7afe0",
        "revCount": 26,
        "type": "git",
        "url": "git://git.ppad.tech/base16.git"
      },
      "original": {
        "ref": "master",
        "type": "git",
        "url": "git://git.ppad.tech/base16.git"
      }
    },
    "ppad-base16_5": {
      "inputs": {
        "flake-utils": [
          "ppad-bolt3",
          "ppad-tx",
          "ppad-base16",
          "ppad-nixpkgs",
          "flake-utils"
        ],
        "nixpkgs": [
          "ppad-bolt3",
          "ppad-tx",
          "ppad-base16",
          "ppad-nixpkgs",
          "nixpkgs"
        ],
        "ppad-nixpkgs": [
          "ppad-bolt3",
          "ppad-tx",
          "ppad-nixpkgs"
        ]
      },
      "locked": {
        "lastModified": 1766934151,
        "narHash": "sha256-BUFpuLfrGXE2xi3Wa9TYCEhhRhFp175Ghxnr0JRbG2I=",
        "ref": "master",
        "rev": "58dfb7922401a60d5de76825fcd5f6ecbcd7afe0",
        "revCount": 26,
        "type": "git",
        "url": "git://git.ppad.tech/base16.git"
      },
      "original": {
        "ref": "master",
        "type": "git",
        "url": "git://git.ppad.tech/base16.git"
      }
    },
    "ppad-base16_6": {
      "inputs": {
        "flake-utils": [
          "ppad-bolt4",
          "ppad-bolt1",
          "ppad-base16",
          "ppad-nixpkgs",
          "flake-utils"
        ],
        "nixpkgs": [
          "ppad-bolt4",
          "ppad-bolt1",
          "ppad-base16",
          "ppad-nixpkgs",
          "nixpkgs"
        ],
        "ppad-nixpkgs": [
          "ppad-bolt4",
          "ppad-bolt1",
          "ppad-nixpkgs"
        ]
      },
      "locked": {
        "lastModified": 1766934151,
        "narHash": "sha256-BUFpuLfrGXE2xi3Wa9TYCEhhRhFp175Ghxnr0JRbG2I=",
        "ref": "master",
        "rev": "58dfb7922401a60d5de76825fcd5f6ecbcd7afe0",
        "revCount": 26,
        "type": "git",
        "url": "git://git.ppad.tech/base16.git"
      },
      "original": {
        "ref": "master",
        "type": "git",
        "url": "git://git.ppad.tech/base16.git"
      }
    },
    "ppad-base58": {
      "inputs": {
        "flake-utils": [
          "ppad-base58",
          "ppad-nixpkgs",
          "flake-utils"
        ],
        "nixpkgs": [
          "ppad-base58",
          "ppad-nixpkgs",
          "nixpkgs"
        ],
        "ppad-base16": [
          "ppad-base16"
        ],
        "ppad-nixpkgs": [
          "ppad-nixpkgs"
        ],
        "ppad-sha256": [
          "ppad-sha256"
        ]
      },
      "locked": {
        "lastModified": 1778948882,
        "narHash": "sha256-rhnWA3b+kACS4MakHOOIDYCBns1BBZSVCejd81e05ao=",
        "ref": "master",
        "rev": "730620f6371ad3f53c5b164aa902f3e4befca2fd",
        "revCount": 35,
        "type": "git",
        "url": "git://git.ppad.tech/base58.git"
      },
      "original": {
        "ref": "master",
        "type": "git",
        "url": "git://git.ppad.tech/base58.git"
      }
    },
    "ppad-base64": {
      "inputs": {
        "flake-utils": [
          "ppad-base64",
          "ppad-nixpkgs",
          "flake-utils"
        ],
        "nixpkgs": [
          "ppad-base64",
          "ppad-nixpkgs",
          "nixpkgs"
        ],
        "ppad-nixpkgs": [
          "ppad-nixpkgs"
        ]
      },
      "locked": {
        "lastModified": 1778946095,
        "narHash": "sha256-qHpRn1MNbGrFKaMktRiBrYDq52ySuczrgtegE0Kh2KI=",
        "ref": "master",
        "rev": "690785db542a958976fe289044f612a240a2cc9e",
        "revCount": 13,
        "type": "git",
        "url": "git://git.ppad.tech/base64.git"
      },
      "original": {
        "ref": "master",
        "type": "git",
        "url": "git://git.ppad.tech/base64.git"
      }
    },
    "ppad-bech32": {
      "inputs": {
        "flake-utils": [
          "ppad-bech32",
          "ppad-nixpkgs",
          "flake-utils"
        ],
        "nixpkgs": [
          "ppad-bech32",
          "ppad-nixpkgs",
          "nixpkgs"
        ],
        "ppad-nixpkgs": [
          "ppad-nixpkgs"
        ]
      },
      "locked": {
        "lastModified": 1766936887,
        "narHash": "sha256-X/T8LBWczPn1F4VJyRhrZuzAbM0ydYhCC1FZoLHmBw4=",
        "ref": "master",
        "rev": "55f351f4c17608f6c384cddc4112418f1409674a",
        "revCount": 72,
        "type": "git",
        "url": "git://git.ppad.tech/bech32.git"
      },
      "original": {
        "ref": "master",
        "type": "git",
        "url": "git://git.ppad.tech/bech32.git"
      }
    },
    "ppad-bip32": {
      "inputs": {
        "flake-utils": [
          "ppad-bip32",
          "ppad-nixpkgs",
          "flake-utils"
        ],
        "nixpkgs": [
          "ppad-bip32",
          "ppad-nixpkgs",
          "nixpkgs"
        ],
        "ppad-base16": [
          "ppad-base16"
        ],
        "ppad-base58": [
          "ppad-base58"
        ],
        "ppad-fixed": [
          "ppad-fixed"
        ],
        "ppad-hmac-drbg": "ppad-hmac-drbg",
        "ppad-nixpkgs": [
          "ppad-nixpkgs"
        ],
        "ppad-ripemd160": [
          "ppad-ripemd160"
        ],
        "ppad-secp256k1": [
          "ppad-secp256k1"
        ],
        "ppad-sha256": [
          "ppad-sha256"
        ],
        "ppad-sha512": [
          "ppad-sha512"
        ]
      },
      "locked": {
        "lastModified": 1778948889,
        "narHash": "sha256-o6OdpW+uQs8a4PbeA6oScpmpMa40sLbKX0+y1pg0gc8=",
        "ref": "master",
        "rev": "520319502d5aeb07e54740ced2aa19c01763b1ce",
        "revCount": 73,
        "type": "git",
        "url": "git://git.ppad.tech/bip32.git"
      },
      "original": {
        "ref": "master",
        "type": "git",
        "url": "git://git.ppad.tech/bip32.git"
      }
    },
    "ppad-bip39": {
      "inputs": {
        "flake-utils": [
          "ppad-bip39",
          "ppad-nixpkgs",
          "flake-utils"
        ],
        "nixpkgs": [
          "ppad-bip39",
          "ppad-nixpkgs",
          "nixpkgs"
        ],
        "ppad-base16": [
          "ppad-base16"
        ],
        "ppad-bip32": [
          "ppad-bip32"
        ],
        "ppad-nixpkgs": [
          "ppad-nixpkgs"
        ],
        "ppad-pbkdf": [
          "ppad-pbkdf"
        ],
        "ppad-sha256": [
          "ppad-sha256"
        ],
        "ppad-sha512": [
          "ppad-sha512"
        ]
      },
      "locked": {
        "lastModified": 1778948896,
        "narHash": "sha256-OELev2T0hjgejX89hzuY5eTEeLQwI7lC8OV+nelnMmU=",
        "ref": "master",
        "rev": "7d1fdde37a6ca8ed90c7ec8a76c018cc9f6bf94c",
        "revCount": 54,
        "type": "git",
        "url": "git://git.ppad.tech/bip39.git"
      },
      "original": {
        "ref": "master",
        "type": "git",
        "url": "git://git.ppad.tech/bip39.git"
      }
    },
    "ppad-bolt1": {
      "inputs": {
        "flake-utils": [
          "ppad-bolt1",
          "ppad-nixpkgs",
          "flake-utils"
        ],
        "nixpkgs": [
          "ppad-bolt1",
          "ppad-nixpkgs",
          "nixpkgs"
        ],
        "ppad-base16": [
          "ppad-base16"
        ],
        "ppad-nixpkgs": [
          "ppad-nixpkgs"
        ]
      },
      "locked": {
        "lastModified": 1778948903,
        "narHash": "sha256-ZgaV2idnASgEVLBFUJDFv+1ud0Na44+UyNuz8dJteeE=",
        "ref": "master",
        "rev": "f5cccfb4ca37f98790c9125a3de7e787bfece62c",
        "revCount": 31,
        "type": "git",
        "url": "git://git.ppad.tech/bolt1.git"
      },
      "original": {
        "ref": "master",
        "type": "git",
        "url": "git://git.ppad.tech/bolt1.git"
      }
    },
    "ppad-bolt1_2": {
      "inputs": {
        "flake-utils": [
          "ppad-bolt3",
          "ppad-bolt1",
          "ppad-nixpkgs",
          "flake-utils"
        ],
        "nixpkgs": [
          "ppad-bolt3",
          "ppad-bolt1",
          "ppad-nixpkgs",
          "nixpkgs"
        ],
        "ppad-base16": "ppad-base16_4",
        "ppad-nixpkgs": [
          "ppad-bolt3",
          "ppad-nixpkgs"
        ]
      },
      "locked": {
        "lastModified": 1776668614,
        "narHash": "sha256-ZckuUOZHrSya8kn7aRizWIQtqTZMrhSoi2NX7BE2s90=",
        "ref": "master",
        "rev": "580036e8f5cb22d423a205abeb15fca33307267c",
        "revCount": 29,
        "type": "git",
        "url": "git://git.ppad.tech/bolt1.git"
      },
      "original": {
        "ref": "master",
        "type": "git",
        "url": "git://git.ppad.tech/bolt1.git"
      }
    },
    "ppad-bolt1_3": {
      "inputs": {
        "flake-utils": [
          "ppad-bolt4",
          "ppad-bolt1",
          "ppad-nixpkgs",
          "flake-utils"
        ],
        "nixpkgs": [
          "ppad-bolt4",
          "ppad-bolt1",
          "ppad-nixpkgs",
          "nixpkgs"
        ],
        "ppad-base16": "ppad-base16_6",
        "ppad-nixpkgs": [
          "ppad-bolt4",
          "ppad-nixpkgs"
        ]
      },
      "locked": {
        "lastModified": 1776668614,
        "narHash": "sha256-ZckuUOZHrSya8kn7aRizWIQtqTZMrhSoi2NX7BE2s90=",
        "ref": "master",
        "rev": "580036e8f5cb22d423a205abeb15fca33307267c",
        "revCount": 29,
        "type": "git",
        "url": "git://git.ppad.tech/bolt1.git"
      },
      "original": {
        "ref": "master",
        "type": "git",
        "url": "git://git.ppad.tech/bolt1.git"
      }
    },
    "ppad-bolt2": {
      "inputs": {
        "flake-utils": [
          "ppad-bolt2",
          "ppad-nixpkgs",
          "flake-utils"
        ],
        "nixpkgs": [
          "ppad-bolt2",
          "ppad-nixpkgs",
          "nixpkgs"
        ],
        "ppad-bolt1": [
          "ppad-bolt1"
        ],
        "ppad-nixpkgs": [
          "ppad-nixpkgs"
        ],
        "ppad-tx": "ppad-tx"
      },
      "locked": {
        "lastModified": 1778949135,
        "narHash": "sha256-mMCiwTi6I79/RamEE4cXBWGiHOVj/KDoBuchmniFsKE=",
        "ref": "master",
        "rev": "f86d75125a479bee35da063842d67aef29c77caf",
        "revCount": 32,
        "type": "git",
        "url": "git://git.ppad.tech/bolt2.git"
      },
      "original": {
        "ref": "master",
        "type": "git",
        "url": "git://git.ppad.tech/bolt2.git"
      }
    },
    "ppad-bolt3": {
      "inputs": {
        "flake-utils": [
          "ppad-bolt3",
          "ppad-nixpkgs",
          "flake-utils"
        ],
        "nixpkgs": [
          "ppad-bolt3",
          "ppad-nixpkgs",
          "nixpkgs"
        ],
        "ppad-bolt1": "ppad-bolt1_2",
        "ppad-nixpkgs": [
          "ppad-nixpkgs"
        ],
        "ppad-ripemd160": [
          "ppad-ripemd160"
        ],
        "ppad-secp256k1": [
          "ppad-secp256k1"
        ],
        "ppad-sha256": [
          "ppad-sha256"
        ],
        "ppad-tx": "ppad-tx_2"
      },
      "locked": {
        "lastModified": 1777091311,
        "narHash": "sha256-ME8oLSeO+ls1riPzjf0L/OArity7ZU6HaEN0EjKBRDY=",
        "ref": "master",
        "rev": "f7f15ccf1061b984962a1bef9b235a910be93098",
        "revCount": 48,
        "type": "git",
        "url": "git://git.ppad.tech/bolt3.git"
      },
      "original": {
        "ref": "master",
        "type": "git",
        "url": "git://git.ppad.tech/bolt3.git"
      }
    },
    "ppad-bolt4": {
      "inputs": {
        "flake-utils": [
          "ppad-bolt4",
          "ppad-nixpkgs",
          "flake-utils"
        ],
        "nixpkgs": [
          "ppad-bolt4",
          "ppad-nixpkgs",
          "nixpkgs"
        ],
        "ppad-aead": [
          "ppad-aead"
        ],
        "ppad-base16": [
          "ppad-base16"
        ],
        "ppad-bolt1": "ppad-bolt1_3",
        "ppad-chacha": [
          "ppad-chacha"
        ],
        "ppad-fixed": [
          "ppad-fixed"
        ],
        "ppad-hmac-drbg": [
          "ppad-hmac-drbg"
        ],
        "ppad-nixpkgs": [
          "ppad-nixpkgs"
        ],
        "ppad-secp256k1": [
          "ppad-secp256k1"
        ],
        "ppad-sha256": [
          "ppad-sha256"
        ]
      },
      "locked": {
        "lastModified": 1778948910,
        "narHash": "sha256-7TQ1+HH3UHwREZ8gAKLN4SEBbLm9xBKqmHxhlQ8x5LY=",
        "ref": "master",
        "rev": "294b299e64600ca168f6de17ed27567a8ea038e7",
        "revCount": 32,
        "type": "git",
        "url": "git://git.ppad.tech/bolt4.git"
      },
      "original": {
        "ref": "master",
        "type": "git",
        "url": "git://git.ppad.tech/bolt4.git"
      }
    },
    "ppad-bolt5": {
      "inputs": {
        "flake-utils": [
          "ppad-bolt5",
          "ppad-nixpkgs",
          "flake-utils"
        ],
        "nixpkgs": [
          "ppad-bolt5",
          "ppad-nixpkgs",
          "nixpkgs"
        ],
        "ppad-bolt3": [
          "ppad-bolt3"
        ],
        "ppad-nixpkgs": [
          "ppad-nixpkgs"
        ],
        "ppad-ripemd160": [
          "ppad-ripemd160"
        ],
        "ppad-secp256k1": [
          "ppad-secp256k1"
        ],
        "ppad-sha256": [
          "ppad-sha256"
        ],
        "ppad-tx": [
          "ppad-tx"
        ]
      },
      "locked": {
        "lastModified": 1776673817,
        "narHash": "sha256-UHSrtsOZy9KMuccQauEA+T6uTefEQOZl9qtXk+h6IvM=",
        "ref": "master",
        "rev": "5b6952a997058e37eaefd9424b907ed28b5c39b3",
        "revCount": 21,
        "type": "git",
        "url": "git://git.ppad.tech/bolt5.git"
      },
      "original": {
        "ref": "master",
        "type": "git",
        "url": "git://git.ppad.tech/bolt5.git"
      }
    },
    "ppad-bolt7": {
      "inputs": {
        "flake-utils": [
          "ppad-bolt7",
          "ppad-nixpkgs",
          "flake-utils"
        ],
        "nixpkgs": [
          "ppad-bolt7",
          "ppad-nixpkgs",
          "nixpkgs"
        ],
        "ppad-bolt1": [
          "ppad-bolt1"
        ],
        "ppad-nixpkgs": [
          "ppad-nixpkgs"
        ],
        "ppad-sha256": [
          "ppad-sha256"
        ]
      },
      "locked": {
        "lastModified": 1778949142,
        "narHash": "sha256-h8AH7y8pR5oYSh1Rr6K+NHVCi/1rv4vivuR0hvAB83Y=",
        "ref": "master",
        "rev": "8fb63d72e057e251167d497a6952bb5663888293",
        "revCount": 41,
        "type": "git",
        "url": "git://git.ppad.tech/bolt7.git"
      },
      "original": {
        "ref": "master",
        "type": "git",
        "url": "git://git.ppad.tech/bolt7.git"
      }
    },
    "ppad-bolt8": {
      "inputs": {
        "flake-utils": [
          "ppad-bolt8",
          "ppad-nixpkgs",
          "flake-utils"
        ],
        "nixpkgs": [
          "ppad-bolt8",
          "ppad-nixpkgs",
          "nixpkgs"
        ],
        "ppad-aead": [
          "ppad-aead"
        ],
        "ppad-base16": [
          "ppad-base16"
        ],
        "ppad-hkdf": [
          "ppad-hkdf"
        ],
        "ppad-nixpkgs": [
          "ppad-nixpkgs"
        ],
        "ppad-secp256k1": [
          "ppad-secp256k1"
        ],
        "ppad-sha256": [
          "ppad-sha256"
        ]
      },
      "locked": {
        "lastModified": 1778948917,
        "narHash": "sha256-2dqMoN+kSmazKP5dfGG08tfhjbuWkwhb9y58OGi4r1o=",
        "ref": "master",
        "rev": "0ebdc0a6971d76db967d4130674f9d5dbf05df5c",
        "revCount": 36,
        "type": "git",
        "url": "git://git.ppad.tech/bolt8.git"
      },
      "original": {
        "ref": "master",
        "type": "git",
        "url": "git://git.ppad.tech/bolt8.git"
      }
    },
    "ppad-bolt9": {
      "inputs": {
        "flake-utils": [
          "ppad-bolt9",
          "ppad-nixpkgs",
          "flake-utils"
        ],
        "nixpkgs": [
          "ppad-bolt9",
          "ppad-nixpkgs",
          "nixpkgs"
        ],
        "ppad-nixpkgs": [
          "ppad-nixpkgs"
        ]
      },
      "locked": {
        "lastModified": 1776671830,
        "narHash": "sha256-Y+IN+lFSYe2MsqGtp0QEkf6BnHpOxUiQYsvVRmEwjN4=",
        "ref": "master",
        "rev": "b8ce66e205120a75884c8649b924ecc2df05d8b7",
        "revCount": 24,
        "type": "git",
        "url": "git://git.ppad.tech/bolt9.git"
      },
      "original": {
        "ref": "master",
        "type": "git",
        "url": "git://git.ppad.tech/bolt9.git"
      }
    },
    "ppad-chacha": {
      "inputs": {
        "flake-utils": [
          "ppad-chacha",
          "ppad-nixpkgs",
          "flake-utils"
        ],
        "nixpkgs": [
          "ppad-chacha",
          "ppad-nixpkgs",
          "nixpkgs"
        ],
        "ppad-base16": [
          "ppad-base16"
        ],
        "ppad-nixpkgs": [
          "ppad-nixpkgs"
        ]
      },
      "locked": {
        "lastModified": 1778948923,
        "narHash": "sha256-4VT0GyOo4+j/bJx0uohUk1hSXSB/zMVCpIS7Rz8uiMw=",
        "ref": "master",
        "rev": "2a8b36ff025a77cd10940ed2e273bab1203af846",
        "revCount": 34,
        "type": "git",
        "url": "git://git.ppad.tech/chacha.git"
      },
      "original": {
        "ref": "master",
        "type": "git",
        "url": "git://git.ppad.tech/chacha.git"
      }
    },
    "ppad-csecp256k1": {
      "inputs": {
        "flake-utils": [
          "ppad-csecp256k1",
          "ppad-nixpkgs",
          "flake-utils"
        ],
        "nixpkgs": [
          "ppad-csecp256k1",
          "ppad-nixpkgs",
          "nixpkgs"
        ],
        "ppad-base16": [
          "ppad-base16"
        ],
        "ppad-nixpkgs": [
          "ppad-nixpkgs"
        ],
        "ppad-sha256": [
          "ppad-sha256"
        ]
      },
      "locked": {
        "lastModified": 1778948930,
        "narHash": "sha256-azo+u/5gnBZHtNwG/R+xQNAP0/sXagiGIxkbCaenpog=",
        "ref": "master",
        "rev": "8963ced4a3b9546daed60e79cd35f0708746f613",
        "revCount": 89,
        "type": "git",
        "url": "git://git.ppad.tech/csecp256k1.git"
      },
      "original": {
        "ref": "master",
        "type": "git",
        "url": "git://git.ppad.tech/csecp256k1.git"
      }
    },
    "ppad-eproc": {
      "inputs": {
        "flake-utils": [
          "ppad-eproc",
          "ppad-nixpkgs",
          "flake-utils"
        ],
        "nixpkgs": [
          "ppad-eproc",
          "ppad-nixpkgs",
          "nixpkgs"
        ],
        "ppad-nixpkgs": [
          "ppad-nixpkgs"
        ]
      },
      "locked": {
        "lastModified": 1780607193,
        "narHash": "sha256-vVMDsPRzLs+mwMtXwtJqswCpCEGg+jKpWYkxnoltSeA=",
        "ref": "master",
        "rev": "8c7d3c072dba28c933e84c15ddff14a8ded14509",
        "revCount": 19,
        "type": "git",
        "url": "git://git.ppad.tech/eproc.git"
      },
      "original": {
        "ref": "master",
        "type": "git",
        "url": "git://git.ppad.tech/eproc.git"
      }
    },
    "ppad-fixed": {
      "inputs": {
        "flake-utils": [
          "ppad-fixed",
          "ppad-nixpkgs",
          "flake-utils"
        ],
        "nixpkgs": [
          "ppad-fixed",
          "ppad-nixpkgs",
          "nixpkgs"
        ],
        "ppad-nixpkgs": [
          "ppad-nixpkgs"
        ]
      },
      "locked": {
        "lastModified": 1767278248,
        "narHash": "sha256-ynF6Tyew83dDr3dFWdTdgK3N5WEkLSCQ/uHHTxb5J1s=",
        "ref": "master",
        "rev": "ae6f5d732d69e6e2bb70ea9da18e2a8060ca9aeb",
        "revCount": 290,
        "type": "git",
        "url": "git://git.ppad.tech/fixed.git"
      },
      "original": {
        "ref": "master",
        "type": "git",
        "url": "git://git.ppad.tech/fixed.git"
      }
    },
    "ppad-hkdf": {
      "inputs": {
        "flake-utils": [
          "ppad-hkdf",
          "ppad-nixpkgs",
          "flake-utils"
        ],
        "nixpkgs": [
          "ppad-hkdf",
          "ppad-nixpkgs",
          "nixpkgs"
        ],
        "ppad-base16": [
          "ppad-base16"
        ],
        "ppad-nixpkgs": [
          "ppad-nixpkgs"
        ],
        "ppad-sha256": [
          "ppad-sha256"
        ],
        "ppad-sha512": [
          "ppad-sha512"
        ]
      },
      "locked": {
        "lastModified": 1778948937,
        "narHash": "sha256-b1GNuBFEG/m061NyMesYGzgMTQxOjQcuxaGDDDMFr8c=",
        "ref": "master",
        "rev": "8f558d71ba8fdb9ef19effd9086012efb58a27ac",
        "revCount": 30,
        "type": "git",
        "url": "git://git.ppad.tech/hkdf.git"
      },
      "original": {
        "ref": "master",
        "type": "git",
        "url": "git://git.ppad.tech/hkdf.git"
      }
    },
    "ppad-hmac-drbg": {
      "inputs": {
        "flake-utils": [
          "ppad-bip32",
          "ppad-hmac-drbg",
          "ppad-nixpkgs",
          "flake-utils"
        ],
        "nixpkgs": [
          "ppad-bip32",
          "ppad-hmac-drbg",
          "ppad-nixpkgs",
          "nixpkgs"
        ],
        "ppad-base16": [
          "ppad-bip32",
          "ppad-base16"
        ],
        "ppad-nixpkgs": [
          "ppad-bip32",
          "ppad-nixpkgs"
        ],
        "ppad-sha256": [
          "ppad-bip32",
          "ppad-sha256"
        ],
        "ppad-sha512": [
          "ppad-bip32",
          "ppad-sha512"
        ]
      },
      "locked": {
        "lastModified": 1770218660,
        "narHash": "sha256-NRMOp7I74olnCuzV8hwYb5Efs9HHa8sXEILRlof8wLg=",
        "ref": "master",
        "rev": "1ba0c32498f2011cb0fd278acc03598ad142cefd",
        "revCount": 73,
        "type": "git",
        "url": "git://git.ppad.tech/hmac-drbg.git"
      },
      "original": {
        "ref": "master",
        "type": "git",
        "url": "git://git.ppad.tech/hmac-drbg.git"
      }
    },
    "ppad-hmac-drbg_2": {
      "inputs": {
        "flake-utils": [
          "ppad-hmac-drbg",
          "ppad-nixpkgs",
          "flake-utils"
        ],
        "nixpkgs": [
          "ppad-hmac-drbg",
          "ppad-nixpkgs",
          "nixpkgs"
        ],
        "ppad-base16": [
          "ppad-base16"
        ],
        "ppad-nixpkgs": [
          "ppad-nixpkgs"
        ],
        "ppad-sha256": [
          "ppad-sha256"
        ],
        "ppad-sha512": [
          "ppad-sha512"
        ]
      },
      "locked": {
        "lastModified": 1778948944,
        "narHash": "sha256-6CR1+Vy+BPvtPYf7w/3VlcRt/HeXnzBztJrM/oaGIPo=",
        "ref": "master",
        "rev": "2b1976eacc72ffc93c6567aac5b8de408dba72b2",
        "revCount": 74,
        "type": "git",
        "url": "git://git.ppad.tech/hmac-drbg.git"
      },
      "original": {
        "ref": "master",
        "type": "git",
        "url": "git://git.ppad.tech/hmac-drbg.git"
      }
    },
    "ppad-lmdb": {
      "inputs": {
        "flake-utils": [
          "ppad-lmdb",
          "ppad-nixpkgs",
          "flake-utils"
        ],
        "nixpkgs": [
          "ppad-lmdb",
          "ppad-nixpkgs",
          "nixpkgs"
        ],
        "ppad-nixpkgs": [
          "ppad-nixpkgs"
        ]
      },
      "locked": {
        "lastModified": 1779655815,
        "narHash": "sha256-XlXojCMJy2UB8rWqD7Wg5vOzFQir/uqnhd4KUwNUOi4=",
        "ref": "master",
        "rev": "fcc8fd9b88e6cc81d8a282143cbf09804b6e48c6",
        "revCount": 7,
        "type": "git",
        "url": "git://git.ppad.tech/lmdb.git"
      },
      "original": {
        "ref": "master",
        "type": "git",
        "url": "git://git.ppad.tech/lmdb.git"
      }
    },
    "ppad-nixpkgs": {
      "inputs": {
        "flake-utils": "flake-utils",
        "nixpkgs": "nixpkgs"
      },
      "locked": {
        "lastModified": 1766932084,
        "narHash": "sha256-GvVsbTfW+B7IQ9K/QP2xcXJAm1lhBin1jYZWNjOzT+o=",
        "ref": "master",
        "rev": "353e61763b959b960a55321a85423501e3e9ed7a",
        "revCount": 2,
        "type": "git",
        "url": "git://git.ppad.tech/nixpkgs.git"
      },
      "original": {
        "ref": "master",
        "type": "git",
        "url": "git://git.ppad.tech/nixpkgs.git"
      }
    },
    "ppad-pbkdf": {
      "inputs": {
        "flake-utils": [
          "ppad-pbkdf",
          "ppad-nixpkgs",
          "flake-utils"
        ],
        "nixpkgs": [
          "ppad-pbkdf",
          "ppad-nixpkgs",
          "nixpkgs"
        ],
        "ppad-base16": [
          "ppad-base16"
        ],
        "ppad-nixpkgs": [
          "ppad-nixpkgs"
        ],
        "ppad-sha256": [
          "ppad-sha256"
        ],
        "ppad-sha512": [
          "ppad-sha512"
        ]
      },
      "locked": {
        "lastModified": 1778948951,
        "narHash": "sha256-wPk0w5/3Owk56pQWZWV7mYni1eDINTqr/UnGX3sVAl4=",
        "ref": "master",
        "rev": "917126a3376c2f064e3b5b988ab19aafa553226c",
        "revCount": 22,
        "type": "git",
        "url": "git://git.ppad.tech/pbkdf.git"
      },
      "original": {
        "ref": "master",
        "type": "git",
        "url": "git://git.ppad.tech/pbkdf.git"
      }
    },
    "ppad-poly1305": {
      "inputs": {
        "flake-utils": [
          "ppad-poly1305",
          "ppad-nixpkgs",
          "flake-utils"
        ],
        "nixpkgs": [
          "ppad-poly1305",
          "ppad-nixpkgs",
          "nixpkgs"
        ],
        "ppad-base16": [
          "ppad-base16"
        ],
        "ppad-fixed": [
          "ppad-fixed"
        ],
        "ppad-nixpkgs": [
          "ppad-nixpkgs"
        ]
      },
      "locked": {
        "lastModified": 1778948958,
        "narHash": "sha256-vuroggP/yEuE+zqdACQMAeSR8XVKrCs/+rLXaGofG/w=",
        "ref": "master",
        "rev": "a0a1e67bd9f37b5d2ba97f0d092766132f531d1b",
        "revCount": 36,
        "type": "git",
        "url": "git://git.ppad.tech/poly1305.git"
      },
      "original": {
        "ref": "master",
        "type": "git",
        "url": "git://git.ppad.tech/poly1305.git"
      }
    },
    "ppad-ripemd160": {
      "inputs": {
        "flake-utils": [
          "ppad-ripemd160",
          "ppad-nixpkgs",
          "flake-utils"
        ],
        "nixpkgs": [
          "ppad-ripemd160",
          "ppad-nixpkgs",
          "nixpkgs"
        ],
        "ppad-base16": [
          "ppad-base16"
        ],
        "ppad-nixpkgs": [
          "ppad-nixpkgs"
        ]
      },
      "locked": {
        "lastModified": 1778948965,
        "narHash": "sha256-t4Cq2NVQDp3MbbIcT1JLXZOB5eZFKKBe10ZbQoOdvy8=",
        "ref": "master",
        "rev": "12f651237caf311af9ee3c1622c38b11b367c3e3",
        "revCount": 31,
        "type": "git",
        "url": "git://git.ppad.tech/ripemd160.git"
      },
      "original": {
        "ref": "master",
        "type": "git",
        "url": "git://git.ppad.tech/ripemd160.git"
      }
    },
    "ppad-script": {
      "inputs": {
        "flake-utils": [
          "ppad-script",
          "ppad-nixpkgs",
          "flake-utils"
        ],
        "nixpkgs": [
          "ppad-script",
          "ppad-nixpkgs",
          "nixpkgs"
        ],
        "ppad-base16": [
          "ppad-base16"
        ],
        "ppad-nixpkgs": [
          "ppad-nixpkgs"
        ]
      },
      "locked": {
        "lastModified": 1778949309,
        "narHash": "sha256-kVBO7EsAsMOGhdf8i6BjsPO785rMJ+NjksTuAwN/9PU=",
        "ref": "master",
        "rev": "09043dd0c9d8132c644d7496dffc31c8f1163c3a",
        "revCount": 72,
        "type": "git",
        "url": "git://git.ppad.tech/script.git"
      },
      "original": {
        "ref": "master",
        "type": "git",
        "url": "git://git.ppad.tech/script.git"
      }
    },
    "ppad-secp256k1": {
      "inputs": {
        "flake-utils": [
          "ppad-secp256k1",
          "ppad-nixpkgs",
          "flake-utils"
        ],
        "nixpkgs": [
          "ppad-secp256k1",
          "ppad-nixpkgs",
          "nixpkgs"
        ],
        "ppad-base16": [
          "ppad-base16"
        ],
        "ppad-fixed": [
          "ppad-fixed"
        ],
        "ppad-hmac-drbg": [
          "ppad-hmac-drbg"
        ],
        "ppad-nixpkgs": [
          "ppad-nixpkgs"
        ],
        "ppad-sha256": [
          "ppad-sha256"
        ],
        "ppad-sha512": [
          "ppad-sha512"
        ]
      },
      "locked": {
        "lastModified": 1778948972,
        "narHash": "sha256-h3cR3E/aGE7v1kcWjMFI+4LXuYMhzXEFIadVRjZ7UvY=",
        "ref": "master",
        "rev": "a9d57ae1f50e8a2cb0e87dcf04d26089a79ef434",
        "revCount": 251,
        "type": "git",
        "url": "git://git.ppad.tech/secp256k1.git"
      },
      "original": {
        "ref": "master",
        "type": "git",
        "url": "git://git.ppad.tech/secp256k1.git"
      }
    },
    "ppad-sha256": {
      "inputs": {
        "flake-utils": [
          "ppad-bolt2",
          "ppad-tx",
          "ppad-sha256",
          "ppad-nixpkgs",
          "flake-utils"
        ],
        "nixpkgs": [
          "ppad-bolt2",
          "ppad-tx",
          "ppad-sha256",
          "ppad-nixpkgs",
          "nixpkgs"
        ],
        "ppad-base16": "ppad-base16_3",
        "ppad-nixpkgs": [
          "ppad-bolt2",
          "ppad-tx",
          "ppad-nixpkgs"
        ]
      },
      "locked": {
        "lastModified": 1768121850,
        "narHash": "sha256-RxgAI88nZi4o4xYj1v+GC0X5E9adae12dDSmv/GFu2Y=",
        "ref": "master",
        "rev": "916595b21319ca270ce8beb9c742bf7e632cccc9",
        "revCount": 118,
        "type": "git",
        "url": "git://git.ppad.tech/sha256.git"
      },
      "original": {
        "ref": "master",
        "type": "git",
        "url": "git://git.ppad.tech/sha256.git"
      }
    },
    "ppad-sha256_2": {
      "inputs": {
        "flake-utils": [
          "ppad-sha256",
          "ppad-nixpkgs",
          "flake-utils"
        ],
        "nixpkgs": [
          "ppad-sha256",
          "ppad-nixpkgs",
          "nixpkgs"
        ],
        "ppad-base16": [
          "ppad-base16"
        ],
        "ppad-nixpkgs": [
          "ppad-nixpkgs"
        ]
      },
      "locked": {
        "lastModified": 1778948977,
        "narHash": "sha256-+F01a239S0XqXpo2TfG/9aieQh2yqDigB7/tWr4rl38=",
        "ref": "master",
        "rev": "78f10ee920c17a65e334984c9e90b5695d265f32",
        "revCount": 130,
        "type": "git",
        "url": "git://git.ppad.tech/sha256.git"
      },
      "original": {
        "ref": "master",
        "type": "git",
        "url": "git://git.ppad.tech/sha256.git"
      }
    },
    "ppad-sha512": {
      "inputs": {
        "flake-utils": [
          "ppad-sha512",
          "ppad-nixpkgs",
          "flake-utils"
        ],
        "nixpkgs": [
          "ppad-sha512",
          "ppad-nixpkgs",
          "nixpkgs"
        ],
        "ppad-base16": [
          "ppad-base16"
        ],
        "ppad-nixpkgs": [
          "ppad-nixpkgs"
        ]
      },
      "locked": {
        "lastModified": 1778948984,
        "narHash": "sha256-B9FIDfkIYopVmr8LBxhGHd6XfkE7ZpUQsOOCsl/QgKI=",
        "ref": "master",
        "rev": "71b15349810b0a76cd49263f433bee826fa10163",
        "revCount": 51,
        "type": "git",
        "url": "git://git.ppad.tech/sha512.git"
      },
      "original": {
        "ref": "master",
        "type": "git",
        "url": "git://git.ppad.tech/sha512.git"
      }
    },
    "ppad-tx": {
      "inputs": {
        "flake-utils": [
          "ppad-bolt2",
          "ppad-tx",
          "ppad-nixpkgs",
          "flake-utils"
        ],
        "nixpkgs": [
          "ppad-bolt2",
          "ppad-tx",
          "ppad-nixpkgs",
          "nixpkgs"
        ],
        "ppad-base16": "ppad-base16_2",
        "ppad-nixpkgs": [
          "ppad-bolt2",
          "ppad-nixpkgs"
        ],
        "ppad-sha256": "ppad-sha256"
      },
      "locked": {
        "lastModified": 1778949087,
        "narHash": "sha256-swGitNG3KF2SpkXkl9O6I53n4/15oEiGUyKQH8OxF3Y=",
        "ref": "master",
        "rev": "b8ac52c57913728e7179337b2866aea58f330356",
        "revCount": 22,
        "type": "git",
        "url": "git://git.ppad.tech/tx.git"
      },
      "original": {
        "ref": "master",
        "type": "git",
        "url": "git://git.ppad.tech/tx.git"
      }
    },
    "ppad-tx_2": {
      "inputs": {
        "flake-utils": [
          "ppad-bolt3",
          "ppad-tx",
          "ppad-nixpkgs",
          "flake-utils"
        ],
        "nixpkgs": [
          "ppad-bolt3",
          "ppad-tx",
          "ppad-nixpkgs",
          "nixpkgs"
        ],
        "ppad-base16": "ppad-base16_5",
        "ppad-nixpkgs": [
          "ppad-bolt3",
          "ppad-nixpkgs"
        ],
        "ppad-sha256": [
          "ppad-bolt3",
          "ppad-sha256"
        ]
      },
      "locked": {
        "lastModified": 1776515759,
        "narHash": "sha256-yRHrY3d3tL8ZM1dWKPYvaz7H3YsPtM8vd2ZwJKL2/nQ=",
        "ref": "master",
        "rev": "6e22072caac8c1db991c2640fcb795afba8c294a",
        "revCount": 20,
        "type": "git",
        "url": "git://git.ppad.tech/tx.git"
      },
      "original": {
        "ref": "master",
        "type": "git",
        "url": "git://git.ppad.tech/tx.git"
      }
    },
    "ppad-tx_3": {
      "inputs": {
        "flake-utils": [
          "ppad-tx",
          "ppad-nixpkgs",
          "flake-utils"
        ],
        "nixpkgs": [
          "ppad-tx",
          "ppad-nixpkgs",
          "nixpkgs"
        ],
        "ppad-base16": [
          "ppad-base16"
        ],
        "ppad-nixpkgs": [
          "ppad-nixpkgs"
        ],
        "ppad-sha256": [
          "ppad-sha256"
        ]
      },
      "locked": {
        "lastModified": 1778949087,
        "narHash": "sha256-swGitNG3KF2SpkXkl9O6I53n4/15oEiGUyKQH8OxF3Y=",
        "ref": "master",
        "rev": "b8ac52c57913728e7179337b2866aea58f330356",
        "revCount": 22,
        "type": "git",
        "url": "git://git.ppad.tech/tx.git"
      },
      "original": {
        "ref": "master",
        "type": "git",
        "url": "git://git.ppad.tech/tx.git"
      }
    },
    "root": {
      "inputs": {
        "flake-utils": [
          "ppad-nixpkgs",
          "flake-utils"
        ],
        "nixpkgs": [
          "ppad-nixpkgs",
          "nixpkgs"
        ],
        "ppad-aead": "ppad-aead",
        "ppad-base16": "ppad-base16",
        "ppad-base58": "ppad-base58",
        "ppad-base64": "ppad-base64",
        "ppad-bech32": "ppad-bech32",
        "ppad-bip32": "ppad-bip32",
        "ppad-bip39": "ppad-bip39",
        "ppad-bolt1": "ppad-bolt1",
        "ppad-bolt2": "ppad-bolt2",
        "ppad-bolt3": "ppad-bolt3",
        "ppad-bolt4": "ppad-bolt4",
        "ppad-bolt5": "ppad-bolt5",
        "ppad-bolt7": "ppad-bolt7",
        "ppad-bolt8": "ppad-bolt8",
        "ppad-bolt9": "ppad-bolt9",
        "ppad-chacha": "ppad-chacha",
        "ppad-csecp256k1": "ppad-csecp256k1",
        "ppad-eproc": "ppad-eproc",
        "ppad-fixed": "ppad-fixed",
        "ppad-hkdf": "ppad-hkdf",
        "ppad-hmac-drbg": "ppad-hmac-drbg_2",
        "ppad-lmdb": "ppad-lmdb",
        "ppad-nixpkgs": "ppad-nixpkgs",
        "ppad-pbkdf": "ppad-pbkdf",
        "ppad-poly1305": "ppad-poly1305",
        "ppad-ripemd160": "ppad-ripemd160",
        "ppad-script": "ppad-script",
        "ppad-secp256k1": "ppad-secp256k1",
        "ppad-sha256": "ppad-sha256_2",
        "ppad-sha512": "ppad-sha512",
        "ppad-tx": "ppad-tx_3"
      }
    },
    "systems": {
      "locked": {
        "lastModified": 1681028828,
        "narHash": "sha256-Vy1rq5AaRuLzOxct8nz4T6wlgyUR7zLU309k9mBC768=",
        "owner": "nix-systems",
        "repo": "default",
        "rev": "da67096a3b9bf56a91d16901293e51ba5b49a27e",
        "type": "github"
      },
      "original": {
        "owner": "nix-systems",
        "repo": "default",
        "type": "github"
      }
    }
  },
  "root": "root",
  "version": 7
}
