{
  "nodes": {
    "flake-utils": {
      "inputs": {
        "systems": "systems"
      },
      "locked": {
        "lastModified": 1710146030,
        "narHash": "sha256-SZ5L6eA7HJ/nmkzGG7/ISclqe6oZdOZTNoesiInkXPQ=",
        "owner": "numtide",
        "repo": "flake-utils",
        "rev": "b1d9ab70662946ef0850d488da1c9019f3a9752a",
        "type": "github"
      },
      "original": {
        "owner": "numtide",
        "repo": "flake-utils",
        "type": "github"
      }
    },
    "nixpkgs": {
      "locked": {
        "lastModified": 1725910328,
        "narHash": "sha256-n9pCtzGZ0httmTwMuEbi5E78UQ4ZbQMr1pzi5N0LAG8=",
        "owner": "NixOS",
        "repo": "nixpkgs",
        "rev": "5775c2583f1801df7b790bf7f7d710a19bac66f4",
        "type": "github"
      },
      "original": {
        "owner": "NixOS",
        "ref": "nixpkgs-unstable",
        "repo": "nixpkgs",
        "type": "github"
      }
    },
    "ppad-base16": {
      "inputs": {
        "flake-utils": [
          "ppad-base16",
          "ppad-nixpkgs",
          "flake-utils"
        ],
        "nixpkgs": [
          "ppad-base16",
          "ppad-nixpkgs",
          "nixpkgs"
        ],
        "ppad-nixpkgs": [
          "ppad-nixpkgs"
        ]
      },
      "locked": {
        "lastModified": 1739979569,
        "narHash": "sha256-omEcmgzRlzIE5Vdty0/SskEcR2f7OtcHzGFE4i1dI60=",
        "ref": "master",
        "rev": "4439e0efafbb5185bd7d9bfb352a17c2a31b96b4",
        "revCount": 15,
        "type": "git",
        "url": "git://git.ppad.tech/base16.git"
      },
      "original": {
        "ref": "master",
        "type": "git",
        "url": "git://git.ppad.tech/base16.git"
      }
    },
    "ppad-base16_2": {
      "inputs": {
        "flake-utils": [
          "ppad-pbkdf",
          "ppad-base16",
          "ppad-nixpkgs",
          "flake-utils"
        ],
        "nixpkgs": [
          "ppad-pbkdf",
          "ppad-base16",
          "ppad-nixpkgs",
          "nixpkgs"
        ],
        "ppad-nixpkgs": [
          "ppad-pbkdf",
          "ppad-nixpkgs"
        ]
      },
      "locked": {
        "lastModified": 1739979569,
        "narHash": "sha256-omEcmgzRlzIE5Vdty0/SskEcR2f7OtcHzGFE4i1dI60=",
        "ref": "master",
        "rev": "4439e0efafbb5185bd7d9bfb352a17c2a31b96b4",
        "revCount": 15,
        "type": "git",
        "url": "git://git.ppad.tech/base16.git"
      },
      "original": {
        "ref": "master",
        "type": "git",
        "url": "git://git.ppad.tech/base16.git"
      }
    },
    "ppad-base58": {
      "inputs": {
        "flake-utils": [
          "ppad-base58",
          "ppad-nixpkgs",
          "flake-utils"
        ],
        "nixpkgs": [
          "ppad-base58",
          "ppad-nixpkgs",
          "nixpkgs"
        ],
        "ppad-nixpkgs": [
          "ppad-nixpkgs"
        ],
        "ppad-sha256": [
          "ppad-sha256"
        ]
      },
      "locked": {
        "lastModified": 1739979602,
        "narHash": "sha256-RrhqNPuDmKo1mG0Y2ZyaeuMuCjtIhGLLO87TaJeEDZI=",
        "ref": "master",
        "rev": "40e80c1b2c39c829976aab44f6d318ebe4e2e784",
        "revCount": 22,
        "type": "git",
        "url": "git://git.ppad.tech/base58.git"
      },
      "original": {
        "ref": "master",
        "type": "git",
        "url": "git://git.ppad.tech/base58.git"
      }
    },
    "ppad-bech32": {
      "inputs": {
        "flake-utils": [
          "ppad-bech32",
          "ppad-nixpkgs",
          "flake-utils"
        ],
        "nixpkgs": [
          "ppad-bech32",
          "ppad-nixpkgs",
          "nixpkgs"
        ],
        "ppad-nixpkgs": [
          "ppad-nixpkgs"
        ]
      },
      "locked": {
        "lastModified": 1739979621,
        "narHash": "sha256-Q2biQvIB4zJfgEFIlPyyLYx3OEdE5gql8tyeBQze6+g=",
        "ref": "master",
        "rev": "e56b96e15e12b086f6cd2c779e95d6acc0fca961",
        "revCount": 63,
        "type": "git",
        "url": "git://git.ppad.tech/bech32.git"
      },
      "original": {
        "ref": "master",
        "type": "git",
        "url": "git://git.ppad.tech/bech32.git"
      }
    },
    "ppad-bip32": {
      "inputs": {
        "flake-utils": [
          "ppad-bip32",
          "ppad-nixpkgs",
          "flake-utils"
        ],
        "nixpkgs": [
          "ppad-bip32",
          "ppad-nixpkgs",
          "nixpkgs"
        ],
        "ppad-base16": [
          "ppad-base16"
        ],
        "ppad-base58": [
          "ppad-base58"
        ],
        "ppad-nixpkgs": [
          "ppad-nixpkgs"
        ],
        "ppad-ripemd160": [
          "ppad-ripemd160"
        ],
        "ppad-secp256k1": [
          "ppad-secp256k1"
        ],
        "ppad-sha256": [
          "ppad-sha256"
        ],
        "ppad-sha512": [
          "ppad-sha512"
        ]
      },
      "locked": {
        "lastModified": 1740292997,
        "narHash": "sha256-EOmvT1aBIVfSlleDn1Qg219rF6FgHovu/ZWGgfcYfqc=",
        "ref": "master",
        "rev": "ce0978beadab34fd1103287a99c1e3f335f5f58a",
        "revCount": 37,
        "type": "git",
        "url": "git://git.ppad.tech/bip32.git"
      },
      "original": {
        "ref": "master",
        "type": "git",
        "url": "git://git.ppad.tech/bip32.git"
      }
    },
    "ppad-csecp256k1": {
      "inputs": {
        "flake-utils": [
          "ppad-csecp256k1",
          "ppad-nixpkgs",
          "flake-utils"
        ],
        "nixpkgs": [
          "ppad-csecp256k1",
          "ppad-nixpkgs",
          "nixpkgs"
        ],
        "ppad-nixpkgs": [
          "ppad-nixpkgs"
        ],
        "ppad-sha256": [
          "ppad-sha256"
        ]
      },
      "locked": {
        "lastModified": 1737309452,
        "narHash": "sha256-GAkJA3W7iMCCoOEB/AKcc4tvYxuCd3fZxNrOK2G2qRY=",
        "ref": "master",
        "rev": "b9dd971ac05b77dda7ea2159cb164e409fc5e260",
        "revCount": 84,
        "type": "git",
        "url": "git://git.ppad.tech/csecp256k1.git"
      },
      "original": {
        "ref": "master",
        "type": "git",
        "url": "git://git.ppad.tech/csecp256k1.git"
      }
    },
    "ppad-hkdf": {
      "inputs": {
        "flake-utils": [
          "ppad-hkdf",
          "ppad-nixpkgs",
          "flake-utils"
        ],
        "nixpkgs": [
          "ppad-hkdf",
          "ppad-nixpkgs",
          "nixpkgs"
        ],
        "ppad-nixpkgs": [
          "ppad-nixpkgs"
        ],
        "ppad-sha256": [
          "ppad-sha256"
        ],
        "ppad-sha512": [
          "ppad-sha512"
        ]
      },
      "locked": {
        "lastModified": 1739979649,
        "narHash": "sha256-evzzBgRyI/7gtc+C2CJZgJpBu0hRx/CI06YEpymReSY=",
        "ref": "master",
        "rev": "e8bfb8fc61c158ca1f15dc522d4a008a9bc3624b",
        "revCount": 18,
        "type": "git",
        "url": "git://git.ppad.tech/hkdf.git"
      },
      "original": {
        "ref": "master",
        "type": "git",
        "url": "git://git.ppad.tech/hkdf.git"
      }
    },
    "ppad-hmac-drbg": {
      "inputs": {
        "flake-utils": [
          "ppad-hmac-drbg",
          "ppad-nixpkgs",
          "flake-utils"
        ],
        "nixpkgs": [
          "ppad-hmac-drbg",
          "ppad-nixpkgs",
          "nixpkgs"
        ],
        "ppad-nixpkgs": [
          "ppad-nixpkgs"
        ],
        "ppad-sha256": [
          "ppad-sha256"
        ],
        "ppad-sha512": [
          "ppad-sha512"
        ]
      },
      "locked": {
        "lastModified": 1739979668,
        "narHash": "sha256-QHjJ5m701wQ41F2B36E1aAj+dXgwze4BVeMsAicAnDM=",
        "ref": "master",
        "rev": "4073aed73830a68646a962651197de4dec54f7c7",
        "revCount": 50,
        "type": "git",
        "url": "git://git.ppad.tech/hmac-drbg.git"
      },
      "original": {
        "ref": "master",
        "type": "git",
        "url": "git://git.ppad.tech/hmac-drbg.git"
      }
    },
    "ppad-nixpkgs": {
      "inputs": {
        "flake-utils": "flake-utils",
        "nixpkgs": "nixpkgs"
      },
      "locked": {
        "lastModified": 1737297101,
        "narHash": "sha256-EnXnq+JLflbWt+DvaGGnY2gfAqsGNOm5vPgHh3hkfwQ=",
        "ref": "master",
        "rev": "f29823875250bc99b3891f7373535ccde9a29a44",
        "revCount": 1,
        "type": "git",
        "url": "git://git.ppad.tech/nixpkgs.git"
      },
      "original": {
        "ref": "master",
        "type": "git",
        "url": "git://git.ppad.tech/nixpkgs.git"
      }
    },
    "ppad-pbkdf": {
      "inputs": {
        "flake-utils": [
          "ppad-pbkdf",
          "ppad-nixpkgs",
          "flake-utils"
        ],
        "nixpkgs": [
          "ppad-pbkdf",
          "ppad-nixpkgs",
          "nixpkgs"
        ],
        "ppad-base16": "ppad-base16_2",
        "ppad-nixpkgs": [
          "ppad-nixpkgs"
        ],
        "ppad-sha256": [
          "ppad-sha256"
        ],
        "ppad-sha512": [
          "ppad-sha512"
        ]
      },
      "locked": {
        "lastModified": 1740383080,
        "narHash": "sha256-bm3V+iozpqzr0yMO9cp7Iyc/8LO50j9y3sxiXkBJJtc=",
        "ref": "master",
        "rev": "7861ae1261eceb03e766fc2f9d5839c2afc5a6bf",
        "revCount": 9,
        "type": "git",
        "url": "git://git.ppad.tech/pbkdf.git"
      },
      "original": {
        "ref": "master",
        "type": "git",
        "url": "git://git.ppad.tech/pbkdf.git"
      }
    },
    "ppad-ripemd160": {
      "inputs": {
        "flake-utils": [
          "ppad-ripemd160",
          "ppad-nixpkgs",
          "flake-utils"
        ],
        "nixpkgs": [
          "ppad-ripemd160",
          "ppad-nixpkgs",
          "nixpkgs"
        ],
        "ppad-nixpkgs": [
          "ppad-nixpkgs"
        ]
      },
      "locked": {
        "lastModified": 1739979690,
        "narHash": "sha256-Q5d2G+1eac0QAxw7M8OPfYXnBsgIFa+BODKe7pCp9J8=",
        "ref": "master",
        "rev": "0ac8be209c24cbecd19e12b4357e83214b1a0ea7",
        "revCount": 25,
        "type": "git",
        "url": "git://git.ppad.tech/ripemd160.git"
      },
      "original": {
        "ref": "master",
        "type": "git",
        "url": "git://git.ppad.tech/ripemd160.git"
      }
    },
    "ppad-script": {
      "inputs": {
        "flake-utils": [
          "ppad-script",
          "ppad-nixpkgs",
          "flake-utils"
        ],
        "nixpkgs": [
          "ppad-script",
          "ppad-nixpkgs",
          "nixpkgs"
        ],
        "ppad-base16": [
          "ppad-base16"
        ],
        "ppad-nixpkgs": [
          "ppad-nixpkgs"
        ]
      },
      "locked": {
        "lastModified": 1739979709,
        "narHash": "sha256-JC/uUZQwDQSLWKq16Lw/p/ABRx0/V5V+rIXM6ie3uVE=",
        "ref": "master",
        "rev": "603e2f016f4949537a0d54b23faa7492707129fa",
        "revCount": 65,
        "type": "git",
        "url": "git://git.ppad.tech/script.git"
      },
      "original": {
        "ref": "master",
        "type": "git",
        "url": "git://git.ppad.tech/script.git"
      }
    },
    "ppad-secp256k1": {
      "inputs": {
        "flake-utils": [
          "ppad-secp256k1",
          "ppad-nixpkgs",
          "flake-utils"
        ],
        "nixpkgs": [
          "ppad-secp256k1",
          "ppad-nixpkgs",
          "nixpkgs"
        ],
        "ppad-hmac-drbg": [
          "ppad-hmac-drbg"
        ],
        "ppad-nixpkgs": [
          "ppad-nixpkgs"
        ],
        "ppad-sha256": [
          "ppad-sha256"
        ],
        "ppad-sha512": [
          "ppad-sha512"
        ]
      },
      "locked": {
        "lastModified": 1739979727,
        "narHash": "sha256-aWHLcr0sqiqiLSAe1M2yAi65ozw2pcEiFu9yqPM1H30=",
        "ref": "master",
        "rev": "2bb544126ec7db3621344cdc8d736a1c34d173bc",
        "revCount": 140,
        "type": "git",
        "url": "git://git.ppad.tech/secp256k1.git"
      },
      "original": {
        "ref": "master",
        "type": "git",
        "url": "git://git.ppad.tech/secp256k1.git"
      }
    },
    "ppad-sha256": {
      "inputs": {
        "flake-utils": [
          "ppad-sha256",
          "ppad-nixpkgs",
          "flake-utils"
        ],
        "nixpkgs": [
          "ppad-sha256",
          "ppad-nixpkgs",
          "nixpkgs"
        ],
        "ppad-nixpkgs": [
          "ppad-nixpkgs"
        ]
      },
      "locked": {
        "lastModified": 1739979751,
        "narHash": "sha256-FSU4s+TtpqdrWn9DYmFprSnlD6pEcVQmsPX+m8oadvo=",
        "ref": "master",
        "rev": "a0e34487f0c025fac1addf72b96498e6084e4e8f",
        "revCount": 93,
        "type": "git",
        "url": "git://git.ppad.tech/sha256.git"
      },
      "original": {
        "ref": "master",
        "type": "git",
        "url": "git://git.ppad.tech/sha256.git"
      }
    },
    "ppad-sha512": {
      "inputs": {
        "flake-utils": [
          "ppad-sha512",
          "ppad-nixpkgs",
          "flake-utils"
        ],
        "nixpkgs": [
          "ppad-sha512",
          "ppad-nixpkgs",
          "nixpkgs"
        ],
        "ppad-nixpkgs": [
          "ppad-nixpkgs"
        ]
      },
      "locked": {
        "lastModified": 1739979776,
        "narHash": "sha256-eBAHzK9E0HXwM834+l8hLwjfdE4go1tMZqkIHwoP2zY=",
        "ref": "master",
        "rev": "45d8d5ddb7d580f9e1b94de93d26209401980a3d",
        "revCount": 27,
        "type": "git",
        "url": "git://git.ppad.tech/sha512.git"
      },
      "original": {
        "ref": "master",
        "type": "git",
        "url": "git://git.ppad.tech/sha512.git"
      }
    },
    "root": {
      "inputs": {
        "flake-utils": [
          "ppad-nixpkgs",
          "flake-utils"
        ],
        "nixpkgs": [
          "ppad-nixpkgs",
          "nixpkgs"
        ],
        "ppad-base16": "ppad-base16",
        "ppad-base58": "ppad-base58",
        "ppad-bech32": "ppad-bech32",
        "ppad-bip32": "ppad-bip32",
        "ppad-csecp256k1": "ppad-csecp256k1",
        "ppad-hkdf": "ppad-hkdf",
        "ppad-hmac-drbg": "ppad-hmac-drbg",
        "ppad-nixpkgs": "ppad-nixpkgs",
        "ppad-pbkdf": "ppad-pbkdf",
        "ppad-ripemd160": "ppad-ripemd160",
        "ppad-script": "ppad-script",
        "ppad-secp256k1": "ppad-secp256k1",
        "ppad-sha256": "ppad-sha256",
        "ppad-sha512": "ppad-sha512"
      }
    },
    "systems": {
      "locked": {
        "lastModified": 1681028828,
        "narHash": "sha256-Vy1rq5AaRuLzOxct8nz4T6wlgyUR7zLU309k9mBC768=",
        "owner": "nix-systems",
        "repo": "default",
        "rev": "da67096a3b9bf56a91d16901293e51ba5b49a27e",
        "type": "github"
      },
      "original": {
        "owner": "nix-systems",
        "repo": "default",
        "type": "github"
      }
    }
  },
  "root": "root",
  "version": 7
}
